
Microsoft Visual Studio Solution File, Format Version 12.00
# Visual Studio Version 16
VisualStudioVersion = 16.0.30611.23
MinimumVisualStudioVersion = 10.0.40219.1
Project("{FAE04EC0-301F-11D3-BF4B-00C04F79EFBC}") = "VogelMultiplicadores", "VogelMultiplicadores\VogelMultiplicadores.csproj", "{631C45AA-1150-4333-8836-E91DA6413508}"
EndProject
Global
	GlobalSection(SolutionConfigurationPlatforms) = preSolution
		Debug|Any CPU = Debug|Any CPU
		Release|Any CPU = Release|Any CPU
	EndGlobalSection
	GlobalSection(ProjectConfigurationPlatforms) = postSolution
		{631C45AA-1150-4333-8836-E91DA6413508}.Debug|Any CPU.ActiveCfg = Debug|Any CPU
		{631C45AA-1150-4333-8836-E91DA6413508}.Debug|Any CPU.Build.0 = Debug|Any CPU
		{631C45AA-1150-4333-8836-E91DA6413508}.Release|Any CPU.ActiveCfg = Release|Any CPU
		{631C45AA-1150-4333-8836-E91DA6413508}.Release|Any CPU.Build.0 = Release|Any CPU
	EndGlobalSection
	GlobalSection(SolutionProperties) = preSolution
		HideSolutionNode = FALSE
	EndGlobalSection
	GlobalSection(ExtensibilityGlobals) = postSolution
		SolutionGuid = {C07CEF95-3C7E-4DCE-813A-9CEAFC68D6F4}
	EndGlobalSection
EndGlobal
